<?xml version="1.0" encoding="utf-8"?>
<Project ToolsVersion="4.0" xmlns="http://schemas.microsoft.com/developer/msbuild/2003">
  <ItemGroup>
    <Filter Include="Resource Files">
      <UniqueIdentifier>{67DA6AB6-F800-4c08-8B7A-83BB121AAD01}</UniqueIdentifier>
      <Extensions>rc;ico;cur;bmp;dlg;rc2;rct;bin;rgs;gif;jpg;jpeg;jpe;resx;tiff;tif;png;wav;mfcribbon-ms</Extensions>
    </Filter>
    <Filter Include="Main">
      <UniqueIdentifier>{92f0ae11-cd33-4e9a-8d87-7591f73dc2b7}</UniqueIdentifier>
    </Filter>
    <Filter Include="Main\Source Files">
      <UniqueIdentifier>{4FC737F1-C7A5-4376-A066-2A32D752A2FF}</UniqueIdentifier>
      <Extensions>cpp;c;cc;cxx;c++;cppm;ixx;def;odl;idl;hpj;bat;asm;asmx</Extensions>
    </Filter>
    <Filter Include="Main\Header Files">
      <UniqueIdentifier>{93995380-89BD-4b04-88EB-625FBE52EBFB}</UniqueIdentifier>
      <Extensions>h;hh;hpp;hxx;h++;hm;inl;inc;ipp;xsd</Extensions>
    </Filter>
    <Filter Include="DevUI">
      <UniqueIdentifier>{a6b1c828-1661-432e-bf3a-db4cf3394c65}</UniqueIdentifier>
    </Filter>
    <Filter Include="DevUI\Header Files">
      <UniqueIdentifier>{f61ba7e7-d2e6-4e1b-a17d-2ba7a4986f9c}</UniqueIdentifier>
    </Filter>
    <Filter Include="DevUI\Source Files">
      <UniqueIdentifier>{b98b9545-3e8c-436d-a64c-bed58139e3c5}</UniqueIdentifier>
    </Filter>
    <Filter Include="DevUI\Dear ImGUI">
      <UniqueIdentifier>{70f24f05-eeb9-40f0-9d98-47d11c5085e6}</UniqueIdentifier>
    </Filter>
  </ItemGroup>
  <ItemGroup>
    <ClCompile Include="main.cpp">
      <Filter>Main\Source Files</Filter>
    </ClCompile>
    <ClCompile Include="Game.cpp">
      <Filter>Main\Source Files</Filter>
    </ClCompile>
    <ClCompile Include="FileOpenWindow.cpp">
      <Filter>DevUI\Source Files</Filter>
    </ClCompile>
    <ClCompile Include="GuiBaseWindow.cpp">
      <Filter>DevUI\Source Files</Filter>
    </ClCompile>
    <ClCompile Include="..\..\include\imgui\imgui.cpp">
      <Filter>DevUI\Dear ImGUI</Filter>
    </ClCompile>
    <ClCompile Include="..\..\include\imgui\imgui_draw.cpp">
      <Filter>DevUI\Dear ImGUI</Filter>
    </ClCompile>
    <ClCompile Include="..\..\include\imgui\imgui_widgets.cpp">
      <Filter>DevUI\Dear ImGUI</Filter>
    </ClCompile>
    <ClCompile Include="..\..\include\imgui\imgui_demo.cpp">
      <Filter>DevUI\Dear ImGUI</Filter>
    </ClCompile>
    <ClCompile Include="..\..\include\imgui\imgui_tables.cpp">
      <Filter>DevUI\Dear ImGUI</Filter>
    </ClCompile>
  </ItemGroup>
  <ItemGroup>
    <ClInclude Include="Game.h">
      <Filter>Main\Header Files</Filter>
    </ClInclude>
    <ClInclude Include="FileOpenWindow.h">
      <Filter>DevUI\Header Files</Filter>
    </ClInclude>
    <ClInclude Include="GuiBaseWindow.h">
      <Filter>DevUI\Header Files</Filter>
    </ClInclude>
  </ItemGroup>
</Project>